// !$*UTF8*$!
{
	archiveVersion = 1;
	classes = {
	};
	objectVersion = 50;
	objects = {

/* Begin PBXBuildFile section */
		3E2808C426F9CFE500ABBE9B /* ScoreTests.swift in Sources */ = {isa = PBXBuildFile; fileRef = 3E2808C326F9CFE500ABBE9B /* ScoreTests.swift */; };
		3E2808C726F9D07D00ABBE9B /* BasicScore.swift in Sources */ = {isa = PBXBuildFile; fileRef = 3E2808C626F9D07D00ABBE9B /* BasicScore.swift */; };
		3E2808C926FB1E9C00ABBE9B /* MultipleSelectionStore.swift in Sources */ = {isa = PBXBuildFile; fileRef = 3E2808C826FB1E9C00ABBE9B /* MultipleSelectionStore.swift */; };
		3E2808CF26FB1F5D00ABBE9B /* MultipleAnswerQuestionView.swift in Sources */ = {isa = PBXBuildFile; fileRef = 3E2808CE26FB1F5D00ABBE9B /* MultipleAnswerQuestionView.swift */; };
		3E2808D126FB203200ABBE9B /* MultipleTextSelectionView.swift in Sources */ = {isa = PBXBuildFile; fileRef = 3E2808D026FB203200ABBE9B /* MultipleTextSelectionView.swift */; };
		3E2808D326FB2A8700ABBE9B /* MultipleAnswerQuestionSnapshotTests.swift in Sources */ = {isa = PBXBuildFile; fileRef = 3E2808D226FB2A8700ABBE9B /* MultipleAnswerQuestionSnapshotTests.swift */; };
		3E2808D726FB2F1B00ABBE9B /* XCTestCase+Snapshot.swift in Sources */ = {isa = PBXBuildFile; fileRef = 3E2808D626FB2F1B00ABBE9B /* XCTestCase+Snapshot.swift */; };
		3E2808D926FB2F4C00ABBE9B /* UIViewController+Snapshot.swift in Sources */ = {isa = PBXBuildFile; fileRef = 3E2808D826FB2F4C00ABBE9B /* UIViewController+Snapshot.swift */; };
		3E2808DB26FB387400ABBE9B /* View+Snapshot.swift in Sources */ = {isa = PBXBuildFile; fileRef = 3E2808DA26FB387400ABBE9B /* View+Snapshot.swift */; };
		3E2808DD26FB396400ABBE9B /* SnapshotWindow.swift in Sources */ = {isa = PBXBuildFile; fileRef = 3E2808DC26FB396400ABBE9B /* SnapshotWindow.swift */; };
		3E2808DF26FB3B2400ABBE9B /* SnapshotConfiguration.swift in Sources */ = {isa = PBXBuildFile; fileRef = 3E2808DE26FB3B2400ABBE9B /* SnapshotConfiguration.swift */; };
		3E2808E226FB3D1B00ABBE9B /* three_options.png in Resources */ = {isa = PBXBuildFile; fileRef = 3E2808E126FB3D1B00ABBE9B /* three_options.png */; };
		3E8445A526F36754008EE770 /* UITableView+Extensions.swift in Sources */ = {isa = PBXBuildFile; fileRef = 3E8445A426F36754008EE770 /* UITableView+Extensions.swift */; };
		3E8445A726F367BD008EE770 /* PresentableAnswer.swift in Sources */ = {isa = PBXBuildFile; fileRef = 3E8445A626F367BD008EE770 /* PresentableAnswer.swift */; };
		3E8445A926F367D3008EE770 /* CorrectAnswerCell.swift in Sources */ = {isa = PBXBuildFile; fileRef = 3E8445A826F367D3008EE770 /* CorrectAnswerCell.swift */; };
		3E8445AB26F367F0008EE770 /* WrongAnswerCell.swift in Sources */ = {isa = PBXBuildFile; fileRef = 3E8445AA26F367F0008EE770 /* WrongAnswerCell.swift */; };
		3EA2DAAA26F21169008EB32F /* AppDelegate.swift in Sources */ = {isa = PBXBuildFile; fileRef = 3EA2DAA926F21169008EB32F /* AppDelegate.swift */; };
		3EA2DAAC26F21169008EB32F /* SceneDelegate.swift in Sources */ = {isa = PBXBuildFile; fileRef = 3EA2DAAB26F21169008EB32F /* SceneDelegate.swift */; };
		3EA2DAB326F2116C008EB32F /* Assets.xcassets in Resources */ = {isa = PBXBuildFile; fileRef = 3EA2DAB226F2116C008EB32F /* Assets.xcassets */; };
		3EA2DAB626F2116C008EB32F /* LaunchScreen.storyboard in Resources */ = {isa = PBXBuildFile; fileRef = 3EA2DAB426F2116C008EB32F /* LaunchScreen.storyboard */; };
		3EA2DADA26F21587008EB32F /* QuestionViewControllerTests.swift in Sources */ = {isa = PBXBuildFile; fileRef = 3EA2DAD926F21587008EB32F /* QuestionViewControllerTests.swift */; };
		3EA2DADC26F2162B008EB32F /* QuestionViewController.swift in Sources */ = {isa = PBXBuildFile; fileRef = 3EA2DADB26F2162B008EB32F /* QuestionViewController.swift */; };
		3EA2DADE26F219A3008EB32F /* QuestionViewController.xib in Resources */ = {isa = PBXBuildFile; fileRef = 3EA2DADD26F219A3008EB32F /* QuestionViewController.xib */; };
		3EA2DAE026F3332F008EB32F /* CorrectAnswerCell.xib in Resources */ = {isa = PBXBuildFile; fileRef = 3EA2DADF26F3332F008EB32F /* CorrectAnswerCell.xib */; };
		3EA2DAE226F337C5008EB32F /* WrongAnswerCell.xib in Resources */ = {isa = PBXBuildFile; fileRef = 3EA2DAE126F337C5008EB32F /* WrongAnswerCell.xib */; };
		779D29EC26F2F6F10077EF53 /* ResultsViewControllerTests.swift in Sources */ = {isa = PBXBuildFile; fileRef = 779D29EB26F2F6F00077EF53 /* ResultsViewControllerTests.swift */; };
		779D29EE26F2F77E0077EF53 /* ResultsViewController.swift in Sources */ = {isa = PBXBuildFile; fileRef = 779D29ED26F2F77D0077EF53 /* ResultsViewController.swift */; };
		779D29F026F2F8070077EF53 /* ResultsViewController.xib in Resources */ = {isa = PBXBuildFile; fileRef = 779D29EF26F2F8070077EF53 /* ResultsViewController.xib */; };
		779D29F426F2FF150077EF53 /* TableViewHelpers.swift in Sources */ = {isa = PBXBuildFile; fileRef = 779D29F326F2FF150077EF53 /* TableViewHelpers.swift */; };
		779D29F726F3AB580077EF53 /* QuizCore.framework in Frameworks */ = {isa = PBXBuildFile; fileRef = 779D29F626F3AB580077EF53 /* QuizCore.framework */; };
		779D29F826F3AB580077EF53 /* QuizCore.framework in Embed Frameworks */ = {isa = PBXBuildFile; fileRef = 779D29F626F3AB580077EF53 /* QuizCore.framework */; settings = {ATTRIBUTES = (CodeSignOnCopy, RemoveHeadersOnCopy, ); }; };
		779D29FB26F3AC900077EF53 /* NavigationControllerRouterTests.swift in Sources */ = {isa = PBXBuildFile; fileRef = 779D29FA26F3AC900077EF53 /* NavigationControllerRouterTests.swift */; };
		779D29FD26F3ADB20077EF53 /* NavigationControllerRouter.swift in Sources */ = {isa = PBXBuildFile; fileRef = 779D29FC26F3ADB20077EF53 /* NavigationControllerRouter.swift */; };
		779D2A0326F48C150077EF53 /* ViewControllerFactory.swift in Sources */ = {isa = PBXBuildFile; fileRef = 779D2A0226F48C150077EF53 /* ViewControllerFactory.swift */; };
		779D2A0526F48FAF0077EF53 /* iOSViewControllerFactoryTests.swift in Sources */ = {isa = PBXBuildFile; fileRef = 779D2A0426F48FAE0077EF53 /* iOSViewControllerFactoryTests.swift */; };
		779D2A0726F490590077EF53 /* iOSUIKitViewControllerFactory.swift in Sources */ = {isa = PBXBuildFile; fileRef = 779D2A0626F490590077EF53 /* iOSUIKitViewControllerFactory.swift */; };
		77FD745A26F6F6A20092FFC0 /* ResultsPresenterTests.swift in Sources */ = {isa = PBXBuildFile; fileRef = 77FD745926F6F6A20092FFC0 /* ResultsPresenterTests.swift */; };
		77FD745E26F6F8E90092FFC0 /* ResultsPresenter.swift in Sources */ = {isa = PBXBuildFile; fileRef = 77FD745D26F6F8E90092FFC0 /* ResultsPresenter.swift */; };
		77FD746026F75A4F0092FFC0 /* QuestionPresenterTests.swift in Sources */ = {isa = PBXBuildFile; fileRef = 77FD745F26F75A4F0092FFC0 /* QuestionPresenterTests.swift */; };
		77FD746226F75AA10092FFC0 /* QuestionPresenter.swift in Sources */ = {isa = PBXBuildFile; fileRef = 77FD746126F75AA10092FFC0 /* QuestionPresenter.swift */; };
		77FD747326FA55A60092FFC0 /* SingleAnswerQuestionView.swift in Sources */ = {isa = PBXBuildFile; fileRef = 77FD747226FA55A60092FFC0 /* SingleAnswerQuestionView.swift */; };
		77FD747526FA5F930092FFC0 /* QuestionHeaderView.swift in Sources */ = {isa = PBXBuildFile; fileRef = 77FD747426FA5F930092FFC0 /* QuestionHeaderView.swift */; };
		77FD747726FA614C0092FFC0 /* SingleTextSelectionView.swift in Sources */ = {isa = PBXBuildFile; fileRef = 77FD747626FA614C0092FFC0 /* SingleTextSelectionView.swift */; };
		77FD747926FAD81B0092FFC0 /* iOSSwiftUIViewControllerFactoryTests.swift in Sources */ = {isa = PBXBuildFile; fileRef = 77FD747826FAD81B0092FFC0 /* iOSSwiftUIViewControllerFactoryTests.swift */; };
		77FD747B26FAD9490092FFC0 /* iOSSwiftUIViewControllerFactory.swift in Sources */ = {isa = PBXBuildFile; fileRef = 77FD747A26FAD9490092FFC0 /* iOSSwiftUIViewControllerFactory.swift */; };
		77FD747E26FB06230092FFC0 /* MultipleSelectionStoreTests.swift in Sources */ = {isa = PBXBuildFile; fileRef = 77FD747D26FB06230092FFC0 /* MultipleSelectionStoreTests.swift */; };
/* End PBXBuildFile section */

/* Begin PBXContainerItemProxy section */
		3EA2DABD26F2116C008EB32F /* PBXContainerItemProxy */ = {
			isa = PBXContainerItemProxy;
			containerPortal = 3EA2DA9E26F21169008EB32F /* Project object */;
			proxyType = 1;
			remoteGlobalIDString = 3EA2DAA526F21169008EB32F;
			remoteInfo = QuizApp;
		};
/* End PBXContainerItemProxy section */

/* Begin PBXCopyFilesBuildPhase section */
		779D29F926F3AB580077EF53 /* Embed Frameworks */ = {
			isa = PBXCopyFilesBuildPhase;
			buildActionMask = 2147483647;
			dstPath = "";
			dstSubfolderSpec = 10;
			files = (
				779D29F826F3AB580077EF53 /* QuizCore.framework in Embed Frameworks */,
			);
			name = "Embed Frameworks";
			runOnlyForDeploymentPostprocessing = 0;
		};
/* End PBXCopyFilesBuildPhase section */

/* Begin PBXFileReference section */
		3E2808C326F9CFE500ABBE9B /* ScoreTests.swift */ = {isa = PBXFileReference; fileEncoding = 4; lastKnownFileType = sourcecode.swift; path = ScoreTests.swift; sourceTree = "<group>"; };
		3E2808C626F9D07D00ABBE9B /* BasicScore.swift */ = {isa = PBXFileReference; lastKnownFileType = sourcecode.swift; path = BasicScore.swift; sourceTree = "<group>"; };
		3E2808C826FB1E9C00ABBE9B /* MultipleSelectionStore.swift */ = {isa = PBXFileReference; lastKnownFileType = sourcecode.swift; path = MultipleSelectionStore.swift; sourceTree = "<group>"; };
		3E2808CE26FB1F5D00ABBE9B /* MultipleAnswerQuestionView.swift */ = {isa = PBXFileReference; lastKnownFileType = sourcecode.swift; path = MultipleAnswerQuestionView.swift; sourceTree = "<group>"; };
		3E2808D026FB203200ABBE9B /* MultipleTextSelectionView.swift */ = {isa = PBXFileReference; lastKnownFileType = sourcecode.swift; path = MultipleTextSelectionView.swift; sourceTree = "<group>"; };
		3E2808D226FB2A8700ABBE9B /* MultipleAnswerQuestionSnapshotTests.swift */ = {isa = PBXFileReference; lastKnownFileType = sourcecode.swift; path = MultipleAnswerQuestionSnapshotTests.swift; sourceTree = "<group>"; };
		3E2808D626FB2F1B00ABBE9B /* XCTestCase+Snapshot.swift */ = {isa = PBXFileReference; lastKnownFileType = sourcecode.swift; path = "XCTestCase+Snapshot.swift"; sourceTree = "<group>"; };
		3E2808D826FB2F4C00ABBE9B /* UIViewController+Snapshot.swift */ = {isa = PBXFileReference; lastKnownFileType = sourcecode.swift; path = "UIViewController+Snapshot.swift"; sourceTree = "<group>"; };
		3E2808DA26FB387400ABBE9B /* View+Snapshot.swift */ = {isa = PBXFileReference; lastKnownFileType = sourcecode.swift; path = "View+Snapshot.swift"; sourceTree = "<group>"; };
		3E2808DC26FB396400ABBE9B /* SnapshotWindow.swift */ = {isa = PBXFileReference; lastKnownFileType = sourcecode.swift; path = SnapshotWindow.swift; sourceTree = "<group>"; };
		3E2808DE26FB3B2400ABBE9B /* SnapshotConfiguration.swift */ = {isa = PBXFileReference; lastKnownFileType = sourcecode.swift; path = SnapshotConfiguration.swift; sourceTree = "<group>"; };
		3E2808E126FB3D1B00ABBE9B /* three_options.png */ = {isa = PBXFileReference; lastKnownFileType = image.png; path = three_options.png; sourceTree = "<group>"; };
		3E8445A426F36754008EE770 /* UITableView+Extensions.swift */ = {isa = PBXFileReference; lastKnownFileType = sourcecode.swift; path = "UITableView+Extensions.swift"; sourceTree = "<group>"; };
		3E8445A626F367BD008EE770 /* PresentableAnswer.swift */ = {isa = PBXFileReference; lastKnownFileType = sourcecode.swift; path = PresentableAnswer.swift; sourceTree = "<group>"; };
		3E8445A826F367D3008EE770 /* CorrectAnswerCell.swift */ = {isa = PBXFileReference; lastKnownFileType = sourcecode.swift; path = CorrectAnswerCell.swift; sourceTree = "<group>"; };
		3E8445AA26F367F0008EE770 /* WrongAnswerCell.swift */ = {isa = PBXFileReference; lastKnownFileType = sourcecode.swift; path = WrongAnswerCell.swift; sourceTree = "<group>"; };
		3EA2DAA626F21169008EB32F /* QuizApp.app */ = {isa = PBXFileReference; explicitFileType = wrapper.application; includeInIndex = 0; path = QuizApp.app; sourceTree = BUILT_PRODUCTS_DIR; };
		3EA2DAA926F21169008EB32F /* AppDelegate.swift */ = {isa = PBXFileReference; lastKnownFileType = sourcecode.swift; path = AppDelegate.swift; sourceTree = "<group>"; };
		3EA2DAAB26F21169008EB32F /* SceneDelegate.swift */ = {isa = PBXFileReference; lastKnownFileType = sourcecode.swift; path = SceneDelegate.swift; sourceTree = "<group>"; };
		3EA2DAB226F2116C008EB32F /* Assets.xcassets */ = {isa = PBXFileReference; lastKnownFileType = folder.assetcatalog; path = Assets.xcassets; sourceTree = "<group>"; };
		3EA2DAB526F2116C008EB32F /* Base */ = {isa = PBXFileReference; lastKnownFileType = file.storyboard; name = Base; path = Base.lproj/LaunchScreen.storyboard; sourceTree = "<group>"; };
		3EA2DAB726F2116C008EB32F /* Info.plist */ = {isa = PBXFileReference; lastKnownFileType = text.plist.xml; path = Info.plist; sourceTree = "<group>"; };
		3EA2DABC26F2116C008EB32F /* QuizAppTests.xctest */ = {isa = PBXFileReference; explicitFileType = wrapper.cfbundle; includeInIndex = 0; path = QuizAppTests.xctest; sourceTree = BUILT_PRODUCTS_DIR; };
		3EA2DAC226F2116C008EB32F /* Info.plist */ = {isa = PBXFileReference; lastKnownFileType = text.plist.xml; path = Info.plist; sourceTree = "<group>"; };
		3EA2DAD926F21587008EB32F /* QuestionViewControllerTests.swift */ = {isa = PBXFileReference; lastKnownFileType = sourcecode.swift; path = QuestionViewControllerTests.swift; sourceTree = "<group>"; };
		3EA2DADB26F2162B008EB32F /* QuestionViewController.swift */ = {isa = PBXFileReference; lastKnownFileType = sourcecode.swift; path = QuestionViewController.swift; sourceTree = "<group>"; };
		3EA2DADD26F219A3008EB32F /* QuestionViewController.xib */ = {isa = PBXFileReference; lastKnownFileType = file.xib; path = QuestionViewController.xib; sourceTree = "<group>"; };
		3EA2DADF26F3332F008EB32F /* CorrectAnswerCell.xib */ = {isa = PBXFileReference; lastKnownFileType = file.xib; path = CorrectAnswerCell.xib; sourceTree = "<group>"; };
		3EA2DAE126F337C5008EB32F /* WrongAnswerCell.xib */ = {isa = PBXFileReference; fileEncoding = 4; lastKnownFileType = file.xib; path = WrongAnswerCell.xib; sourceTree = "<group>"; };
		779D29EB26F2F6F00077EF53 /* ResultsViewControllerTests.swift */ = {isa = PBXFileReference; lastKnownFileType = sourcecode.swift; path = ResultsViewControllerTests.swift; sourceTree = "<group>"; };
		779D29ED26F2F77D0077EF53 /* ResultsViewController.swift */ = {isa = PBXFileReference; lastKnownFileType = sourcecode.swift; path = ResultsViewController.swift; sourceTree = "<group>"; };
		779D29EF26F2F8070077EF53 /* ResultsViewController.xib */ = {isa = PBXFileReference; lastKnownFileType = file.xib; path = ResultsViewController.xib; sourceTree = "<group>"; };
		779D29F326F2FF150077EF53 /* TableViewHelpers.swift */ = {isa = PBXFileReference; lastKnownFileType = sourcecode.swift; path = TableViewHelpers.swift; sourceTree = "<group>"; };
		779D29F626F3AB580077EF53 /* QuizCore.framework */ = {isa = PBXFileReference; explicitFileType = wrapper.framework; path = QuizCore.framework; sourceTree = BUILT_PRODUCTS_DIR; };
		779D29FA26F3AC900077EF53 /* NavigationControllerRouterTests.swift */ = {isa = PBXFileReference; lastKnownFileType = sourcecode.swift; path = NavigationControllerRouterTests.swift; sourceTree = "<group>"; };
		779D29FC26F3ADB20077EF53 /* NavigationControllerRouter.swift */ = {isa = PBXFileReference; lastKnownFileType = sourcecode.swift; path = NavigationControllerRouter.swift; sourceTree = "<group>"; };
		779D2A0226F48C150077EF53 /* ViewControllerFactory.swift */ = {isa = PBXFileReference; lastKnownFileType = sourcecode.swift; path = ViewControllerFactory.swift; sourceTree = "<group>"; };
		779D2A0426F48FAE0077EF53 /* iOSViewControllerFactoryTests.swift */ = {isa = PBXFileReference; lastKnownFileType = sourcecode.swift; path = iOSViewControllerFactoryTests.swift; sourceTree = "<group>"; };
		779D2A0626F490590077EF53 /* iOSUIKitViewControllerFactory.swift */ = {isa = PBXFileReference; lastKnownFileType = sourcecode.swift; path = iOSUIKitViewControllerFactory.swift; sourceTree = "<group>"; };
		77FD745926F6F6A20092FFC0 /* ResultsPresenterTests.swift */ = {isa = PBXFileReference; lastKnownFileType = sourcecode.swift; path = ResultsPresenterTests.swift; sourceTree = "<group>"; };
		77FD745D26F6F8E90092FFC0 /* ResultsPresenter.swift */ = {isa = PBXFileReference; lastKnownFileType = sourcecode.swift; path = ResultsPresenter.swift; sourceTree = "<group>"; };
		77FD745F26F75A4F0092FFC0 /* QuestionPresenterTests.swift */ = {isa = PBXFileReference; lastKnownFileType = sourcecode.swift; path = QuestionPresenterTests.swift; sourceTree = "<group>"; };
		77FD746126F75AA10092FFC0 /* QuestionPresenter.swift */ = {isa = PBXFileReference; lastKnownFileType = sourcecode.swift; path = QuestionPresenter.swift; sourceTree = "<group>"; };
		77FD747226FA55A60092FFC0 /* SingleAnswerQuestionView.swift */ = {isa = PBXFileReference; lastKnownFileType = sourcecode.swift; path = SingleAnswerQuestionView.swift; sourceTree = "<group>"; };
		77FD747426FA5F930092FFC0 /* QuestionHeaderView.swift */ = {isa = PBXFileReference; lastKnownFileType = sourcecode.swift; path = QuestionHeaderView.swift; sourceTree = "<group>"; };
		77FD747626FA614C0092FFC0 /* SingleTextSelectionView.swift */ = {isa = PBXFileReference; lastKnownFileType = sourcecode.swift; path = SingleTextSelectionView.swift; sourceTree = "<group>"; };
		77FD747826FAD81B0092FFC0 /* iOSSwiftUIViewControllerFactoryTests.swift */ = {isa = PBXFileReference; lastKnownFileType = sourcecode.swift; path = iOSSwiftUIViewControllerFactoryTests.swift; sourceTree = "<group>"; };
		77FD747A26FAD9490092FFC0 /* iOSSwiftUIViewControllerFactory.swift */ = {isa = PBXFileReference; lastKnownFileType = sourcecode.swift; path = iOSSwiftUIViewControllerFactory.swift; sourceTree = "<group>"; };
		77FD747D26FB06230092FFC0 /* MultipleSelectionStoreTests.swift */ = {isa = PBXFileReference; lastKnownFileType = sourcecode.swift; path = MultipleSelectionStoreTests.swift; sourceTree = "<group>"; };
/* End PBXFileReference section */

/* Begin PBXFrameworksBuildPhase section */
		3EA2DAA326F21169008EB32F /* Frameworks */ = {
			isa = PBXFrameworksBuildPhase;
			buildActionMask = 2147483647;
			files = (
				779D29F726F3AB580077EF53 /* QuizCore.framework in Frameworks */,
			);
			runOnlyForDeploymentPostprocessing = 0;
		};
		3EA2DAB926F2116C008EB32F /* Frameworks */ = {
			isa = PBXFrameworksBuildPhase;
			buildActionMask = 2147483647;
			files = (
			);
			runOnlyForDeploymentPostprocessing = 0;
		};
/* End PBXFrameworksBuildPhase section */

/* Begin PBXGroup section */
		3E2808C226F9CFD600ABBE9B /* Scoring */ = {
			isa = PBXGroup;
			children = (
				3E2808C326F9CFE500ABBE9B /* ScoreTests.swift */,
			);
			path = Scoring;
			sourceTree = "<group>";
		};
		3E2808C526F9D06E00ABBE9B /* Scoring */ = {
			isa = PBXGroup;
			children = (
				3E2808C626F9D07D00ABBE9B /* BasicScore.swift */,
			);
			path = Scoring;
			sourceTree = "<group>";
		};
		3E2808D426FB2ED000ABBE9B /* Helpers */ = {
			isa = PBXGroup;
			children = (
				3E2808D526FB2ED600ABBE9B /* Snapshot */,
			);
			path = Helpers;
			sourceTree = "<group>";
		};
		3E2808D526FB2ED600ABBE9B /* Snapshot */ = {
			isa = PBXGroup;
			children = (
				3E2808DE26FB3B2400ABBE9B /* SnapshotConfiguration.swift */,
				3E2808DC26FB396400ABBE9B /* SnapshotWindow.swift */,
				3E2808D826FB2F4C00ABBE9B /* UIViewController+Snapshot.swift */,
				3E2808DA26FB387400ABBE9B /* View+Snapshot.swift */,
				3E2808D626FB2F1B00ABBE9B /* XCTestCase+Snapshot.swift */,
			);
			path = Snapshot;
			sourceTree = "<group>";
		};
		3E2808E026FB3D1B00ABBE9B /* Snapshots */ = {
			isa = PBXGroup;
			children = (
				3E2808E126FB3D1B00ABBE9B /* three_options.png */,
			);
			path = Snapshots;
			sourceTree = "<group>";
		};
		3E89AD8A26F88DA2008C7D3E /* Main */ = {
			isa = PBXGroup;
			children = (
				3EA2DAA926F21169008EB32F /* AppDelegate.swift */,
				3EA2DAAB26F21169008EB32F /* SceneDelegate.swift */,
				779D2A0626F490590077EF53 /* iOSUIKitViewControllerFactory.swift */,
				77FD747A26FAD9490092FFC0 /* iOSSwiftUIViewControllerFactory.swift */,
				3EA2DAB426F2116C008EB32F /* LaunchScreen.storyboard */,
				3EA2DAB726F2116C008EB32F /* Info.plist */,
				3EA2DAB226F2116C008EB32F /* Assets.xcassets */,
			);
			path = Main;
			sourceTree = "<group>";
		};
		3E89AD8B26F88E38008C7D3E /* UI */ = {
			isa = PBXGroup;
			children = (
				77FD747126FA55870092FFC0 /* SwiftUI */,
				77FD746E26FA52CD0092FFC0 /* UIKit */,
			);
			path = UI;
			sourceTree = "<group>";
		};
		3E89AD8C26F88E75008C7D3E /* Question */ = {
			isa = PBXGroup;
			children = (
				3EA2DADB26F2162B008EB32F /* QuestionViewController.swift */,
				3EA2DADD26F219A3008EB32F /* QuestionViewController.xib */,
			);
			path = Question;
			sourceTree = "<group>";
		};
		3E89AD8D26F88E82008C7D3E /* Results */ = {
			isa = PBXGroup;
			children = (
				3E89AD8E26F88EAE008C7D3E /* Cells */,
				779D29ED26F2F77D0077EF53 /* ResultsViewController.swift */,
				779D29EF26F2F8070077EF53 /* ResultsViewController.xib */,
			);
			path = Results;
			sourceTree = "<group>";
		};
		3E89AD8E26F88EAE008C7D3E /* Cells */ = {
			isa = PBXGroup;
			children = (
				3E8445A826F367D3008EE770 /* CorrectAnswerCell.swift */,
				3EA2DADF26F3332F008EB32F /* CorrectAnswerCell.xib */,
				3E8445AA26F367F0008EE770 /* WrongAnswerCell.swift */,
				3EA2DAE126F337C5008EB32F /* WrongAnswerCell.xib */,
			);
			path = Cells;
			sourceTree = "<group>";
		};
		3E89AD8F26F88EC3008C7D3E /* Helpers */ = {
			isa = PBXGroup;
			children = (
				3E8445A426F36754008EE770 /* UITableView+Extensions.swift */,
			);
			path = Helpers;
			sourceTree = "<group>";
		};
		3E89AD9126F88EFC008C7D3E /* Presentation */ = {
			isa = PBXGroup;
			children = (
				3E89AD9226F88F1E008C7D3E /* Question */,
				3E89AD9326F88F31008C7D3E /* Results */,
			);
			path = Presentation;
			sourceTree = "<group>";
		};
		3E89AD9226F88F1E008C7D3E /* Question */ = {
			isa = PBXGroup;
			children = (
				77FD746126F75AA10092FFC0 /* QuestionPresenter.swift */,
			);
			path = Question;
			sourceTree = "<group>";
		};
		3E89AD9326F88F31008C7D3E /* Results */ = {
			isa = PBXGroup;
			children = (
				77FD745D26F6F8E90092FFC0 /* ResultsPresenter.swift */,
				3E8445A626F367BD008EE770 /* PresentableAnswer.swift */,
			);
			path = Results;
			sourceTree = "<group>";
		};
		3E89AD9426F88F70008C7D3E /* Routing */ = {
			isa = PBXGroup;
			children = (
				779D29FC26F3ADB20077EF53 /* NavigationControllerRouter.swift */,
				779D2A0226F48C150077EF53 /* ViewControllerFactory.swift */,
			);
			path = Routing;
			sourceTree = "<group>";
		};
		3E89AD9526F88F94008C7D3E /* Main */ = {
			isa = PBXGroup;
			children = (
				779D2A0426F48FAE0077EF53 /* iOSViewControllerFactoryTests.swift */,
				77FD747826FAD81B0092FFC0 /* iOSSwiftUIViewControllerFactoryTests.swift */,
				3EA2DAC226F2116C008EB32F /* Info.plist */,
			);
			path = Main;
			sourceTree = "<group>";
		};
		3E89AD9626F88FA8008C7D3E /* UI */ = {
			isa = PBXGroup;
			children = (
				3E2808D426FB2ED000ABBE9B /* Helpers */,
				77FD747C26FB060B0092FFC0 /* SwiftUI */,
				77FD747026FA53350092FFC0 /* UIKit */,
			);
			path = UI;
			sourceTree = "<group>";
		};
		3E89AD9726F88FB7008C7D3E /* Helpers */ = {
			isa = PBXGroup;
			children = (
				779D29F326F2FF150077EF53 /* TableViewHelpers.swift */,
			);
			path = Helpers;
			sourceTree = "<group>";
		};
		3E89AD9826F88FBC008C7D3E /* Question */ = {
			isa = PBXGroup;
			children = (
				3EA2DAD926F21587008EB32F /* QuestionViewControllerTests.swift */,
			);
			path = Question;
			sourceTree = "<group>";
		};
		3E89AD9926F88FC2008C7D3E /* Results */ = {
			isa = PBXGroup;
			children = (
				779D29EB26F2F6F00077EF53 /* ResultsViewControllerTests.swift */,
			);
			path = Results;
			sourceTree = "<group>";
		};
		3E89AD9A26F88FE4008C7D3E /* Presentation */ = {
			isa = PBXGroup;
			children = (
				3E89AD9C26F88FF6008C7D3E /* Question */,
				3E89AD9B26F88FF2008C7D3E /* Results */,
			);
			path = Presentation;
			sourceTree = "<group>";
		};
		3E89AD9B26F88FF2008C7D3E /* Results */ = {
			isa = PBXGroup;
			children = (
				77FD745926F6F6A20092FFC0 /* ResultsPresenterTests.swift */,
			);
			path = Results;
			sourceTree = "<group>";
		};
		3E89AD9C26F88FF6008C7D3E /* Question */ = {
			isa = PBXGroup;
			children = (
				77FD745F26F75A4F0092FFC0 /* QuestionPresenterTests.swift */,
			);
			path = Question;
			sourceTree = "<group>";
		};
		3E89AD9E26F89049008C7D3E /* Routing */ = {
			isa = PBXGroup;
			children = (
				779D29FA26F3AC900077EF53 /* NavigationControllerRouterTests.swift */,
			);
			path = Routing;
			sourceTree = "<group>";
		};
		3EA2DA9D26F21169008EB32F = {
			isa = PBXGroup;
			children = (
				3EA2DAA826F21169008EB32F /* QuizApp */,
				3EA2DABF26F2116C008EB32F /* QuizAppTests */,
				3EA2DAA726F21169008EB32F /* Products */,
				779D29F526F3AB580077EF53 /* Frameworks */,
			);
			sourceTree = "<group>";
		};
		3EA2DAA726F21169008EB32F /* Products */ = {
			isa = PBXGroup;
			children = (
				3EA2DAA626F21169008EB32F /* QuizApp.app */,
				3EA2DABC26F2116C008EB32F /* QuizAppTests.xctest */,
			);
			name = Products;
			sourceTree = "<group>";
		};
		3EA2DAA826F21169008EB32F /* QuizApp */ = {
			isa = PBXGroup;
			children = (
				3E89AD8A26F88DA2008C7D3E /* Main */,
				3E89AD8B26F88E38008C7D3E /* UI */,
				3E89AD9126F88EFC008C7D3E /* Presentation */,
				3E89AD9426F88F70008C7D3E /* Routing */,
				3E2808C526F9D06E00ABBE9B /* Scoring */,
			);
			path = QuizApp;
			sourceTree = "<group>";
		};
		3EA2DABF26F2116C008EB32F /* QuizAppTests */ = {
			isa = PBXGroup;
			children = (
				3E89AD9526F88F94008C7D3E /* Main */,
				3E89AD9626F88FA8008C7D3E /* UI */,
				3E89AD9A26F88FE4008C7D3E /* Presentation */,
				3E89AD9E26F89049008C7D3E /* Routing */,
				3E2808C226F9CFD600ABBE9B /* Scoring */,
			);
			path = QuizAppTests;
			sourceTree = "<group>";
		};
		779D29F526F3AB580077EF53 /* Frameworks */ = {
			isa = PBXGroup;
			children = (
				779D29F626F3AB580077EF53 /* QuizCore.framework */,
			);
			name = Frameworks;
			sourceTree = "<group>";
		};
		77FD746E26FA52CD0092FFC0 /* UIKit */ = {
			isa = PBXGroup;
			children = (
				3E89AD8F26F88EC3008C7D3E /* Helpers */,
				3E89AD8C26F88E75008C7D3E /* Question */,
				3E89AD8D26F88E82008C7D3E /* Results */,
			);
			path = UIKit;
			sourceTree = "<group>";
		};
		77FD747026FA53350092FFC0 /* UIKit */ = {
			isa = PBXGroup;
			children = (
				3E89AD9726F88FB7008C7D3E /* Helpers */,
				3E89AD9826F88FBC008C7D3E /* Question */,
				3E89AD9926F88FC2008C7D3E /* Results */,
			);
			path = UIKit;
			sourceTree = "<group>";
		};
		77FD747126FA55870092FFC0 /* SwiftUI */ = {
			isa = PBXGroup;
			children = (
				77FD747226FA55A60092FFC0 /* SingleAnswerQuestionView.swift */,
				77FD747426FA5F930092FFC0 /* QuestionHeaderView.swift */,
				77FD747626FA614C0092FFC0 /* SingleTextSelectionView.swift */,
				3E2808C826FB1E9C00ABBE9B /* MultipleSelectionStore.swift */,
				3E2808CE26FB1F5D00ABBE9B /* MultipleAnswerQuestionView.swift */,
				3E2808D026FB203200ABBE9B /* MultipleTextSelectionView.swift */,
			);
			path = SwiftUI;
			sourceTree = "<group>";
		};
		77FD747C26FB060B0092FFC0 /* SwiftUI */ = {
			isa = PBXGroup;
			children = (
				3E2808E026FB3D1B00ABBE9B /* Snapshots */,
				77FD747D26FB06230092FFC0 /* MultipleSelectionStoreTests.swift */,
				3E2808D226FB2A8700ABBE9B /* MultipleAnswerQuestionSnapshotTests.swift */,
			);
			path = SwiftUI;
			sourceTree = "<group>";
		};
/* End PBXGroup section */

/* Begin PBXNativeTarget section */
		3EA2DAA526F21169008EB32F /* QuizApp */ = {
			isa = PBXNativeTarget;
			buildConfigurationList = 3EA2DAD026F2116C008EB32F /* Build configuration list for PBXNativeTarget "QuizApp" */;
			buildPhases = (
				3EA2DAA226F21169008EB32F /* Sources */,
				3EA2DAA326F21169008EB32F /* Frameworks */,
				3EA2DAA426F21169008EB32F /* Resources */,
				779D29F926F3AB580077EF53 /* Embed Frameworks */,
			);
			buildRules = (
			);
			dependencies = (
			);
			name = QuizApp;
			productName = QuizApp;
			productReference = 3EA2DAA626F21169008EB32F /* QuizApp.app */;
			productType = "com.apple.product-type.application";
		};
		3EA2DABB26F2116C008EB32F /* QuizAppTests */ = {
			isa = PBXNativeTarget;
			buildConfigurationList = 3EA2DAD326F2116C008EB32F /* Build configuration list for PBXNativeTarget "QuizAppTests" */;
			buildPhases = (
				3EA2DAB826F2116C008EB32F /* Sources */,
				3EA2DAB926F2116C008EB32F /* Frameworks */,
				3EA2DABA26F2116C008EB32F /* Resources */,
			);
			buildRules = (
			);
			dependencies = (
				3EA2DABE26F2116C008EB32F /* PBXTargetDependency */,
			);
			name = QuizAppTests;
			productName = QuizAppTests;
			productReference = 3EA2DABC26F2116C008EB32F /* QuizAppTests.xctest */;
			productType = "com.apple.product-type.bundle.unit-test";
		};
/* End PBXNativeTarget section */

/* Begin PBXProject section */
		3EA2DA9E26F21169008EB32F /* Project object */ = {
			isa = PBXProject;
			attributes = {
				LastSwiftUpdateCheck = 1250;
				LastUpgradeCheck = 1250;
				TargetAttributes = {
					3EA2DAA526F21169008EB32F = {
						CreatedOnToolsVersion = 12.5.1;
					};
					3EA2DABB26F2116C008EB32F = {
						CreatedOnToolsVersion = 12.5.1;
						LastSwiftMigration = 1250;
						TestTargetID = 3EA2DAA526F21169008EB32F;
					};
				};
			};
			buildConfigurationList = 3EA2DAA126F21169008EB32F /* Build configuration list for PBXProject "QuizApp" */;
			compatibilityVersion = "Xcode 9.3";
			developmentRegion = en;
			hasScannedForEncodings = 0;
			knownRegions = (
				en,
				Base,
			);
			mainGroup = 3EA2DA9D26F21169008EB32F;
			productRefGroup = 3EA2DAA726F21169008EB32F /* Products */;
			projectDirPath = "";
			projectRoot = "";
			targets = (
				3EA2DAA526F21169008EB32F /* QuizApp */,
				3EA2DABB26F2116C008EB32F /* QuizAppTests */,
			);
		};
/* End PBXProject section */

/* Begin PBXResourcesBuildPhase section */
		3EA2DAA426F21169008EB32F /* Resources */ = {
			isa = PBXResourcesBuildPhase;
			buildActionMask = 2147483647;
			files = (
				3EA2DAB626F2116C008EB32F /* LaunchScreen.storyboard in Resources */,
				3EA2DAE226F337C5008EB32F /* WrongAnswerCell.xib in Resources */,
				3EA2DAB326F2116C008EB32F /* Assets.xcassets in Resources */,
				3EA2DADE26F219A3008EB32F /* QuestionViewController.xib in Resources */,
				3EA2DAE026F3332F008EB32F /* CorrectAnswerCell.xib in Resources */,
				779D29F026F2F8070077EF53 /* ResultsViewController.xib in Resources */,
			);
			runOnlyForDeploymentPostprocessing = 0;
		};
		3EA2DABA26F2116C008EB32F /* Resources */ = {
			isa = PBXResourcesBuildPhase;
			buildActionMask = 2147483647;
			files = (
				3E2808E226FB3D1B00ABBE9B /* three_options.png in Resources */,
			);
			runOnlyForDeploymentPostprocessing = 0;
		};
/* End PBXResourcesBuildPhase section */

/* Begin PBXSourcesBuildPhase section */
		3EA2DAA226F21169008EB32F /* Sources */ = {
			isa = PBXSourcesBuildPhase;
			buildActionMask = 2147483647;
			files = (
				77FD747326FA55A60092FFC0 /* SingleAnswerQuestionView.swift in Sources */,
				3E8445A526F36754008EE770 /* UITableView+Extensions.swift in Sources */,
				3E2808C726F9D07D00ABBE9B /* BasicScore.swift in Sources */,
				77FD747726FA614C0092FFC0 /* SingleTextSelectionView.swift in Sources */,
				3E2808CF26FB1F5D00ABBE9B /* MultipleAnswerQuestionView.swift in Sources */,
				3EA2DAAA26F21169008EB32F /* AppDelegate.swift in Sources */,
				77FD745E26F6F8E90092FFC0 /* ResultsPresenter.swift in Sources */,
				3E8445A926F367D3008EE770 /* CorrectAnswerCell.swift in Sources */,
				779D29EE26F2F77E0077EF53 /* ResultsViewController.swift in Sources */,
				3E8445A726F367BD008EE770 /* PresentableAnswer.swift in Sources */,
				3E2808C926FB1E9C00ABBE9B /* MultipleSelectionStore.swift in Sources */,
				3E8445AB26F367F0008EE770 /* WrongAnswerCell.swift in Sources */,
				77FD746226F75AA10092FFC0 /* QuestionPresenter.swift in Sources */,
				779D2A0726F490590077EF53 /* iOSUIKitViewControllerFactory.swift in Sources */,
				779D29FD26F3ADB20077EF53 /* NavigationControllerRouter.swift in Sources */,
				3EA2DAAC26F21169008EB32F /* SceneDelegate.swift in Sources */,
				3EA2DADC26F2162B008EB32F /* QuestionViewController.swift in Sources */,
				3E2808D126FB203200ABBE9B /* MultipleTextSelectionView.swift in Sources */,
				77FD747B26FAD9490092FFC0 /* iOSSwiftUIViewControllerFactory.swift in Sources */,
				779D2A0326F48C150077EF53 /* ViewControllerFactory.swift in Sources */,
				77FD747526FA5F930092FFC0 /* QuestionHeaderView.swift in Sources */,
			);
			runOnlyForDeploymentPostprocessing = 0;
		};
		3EA2DAB826F2116C008EB32F /* Sources */ = {
			isa = PBXSourcesBuildPhase;
			buildActionMask = 2147483647;
			files = (
				3E2808DB26FB387400ABBE9B /* View+Snapshot.swift in Sources */,
				77FD747E26FB06230092FFC0 /* MultipleSelectionStoreTests.swift in Sources */,
				779D2A0526F48FAF0077EF53 /* iOSViewControllerFactoryTests.swift in Sources */,
				3E2808D326FB2A8700ABBE9B /* MultipleAnswerQuestionSnapshotTests.swift in Sources */,
				77FD747926FAD81B0092FFC0 /* iOSSwiftUIViewControllerFactoryTests.swift in Sources */,
				77FD746026F75A4F0092FFC0 /* QuestionPresenterTests.swift in Sources */,
				3E2808C426F9CFE500ABBE9B /* ScoreTests.swift in Sources */,
				3E2808D726FB2F1B00ABBE9B /* XCTestCase+Snapshot.swift in Sources */,
				779D29FB26F3AC900077EF53 /* NavigationControllerRouterTests.swift in Sources */,
				779D29EC26F2F6F10077EF53 /* ResultsViewControllerTests.swift in Sources */,
				77FD745A26F6F6A20092FFC0 /* ResultsPresenterTests.swift in Sources */,
				779D29F426F2FF150077EF53 /* TableViewHelpers.swift in Sources */,
				3EA2DADA26F21587008EB32F /* QuestionViewControllerTests.swift in Sources */,
				3E2808D926FB2F4C00ABBE9B /* UIViewController+Snapshot.swift in Sources */,
				3E2808DF26FB3B2400ABBE9B /* SnapshotConfiguration.swift in Sources */,
				3E2808DD26FB396400ABBE9B /* SnapshotWindow.swift in Sources */,
			);
			runOnlyForDeploymentPostprocessing = 0;
		};
/* End PBXSourcesBuildPhase section */

/* Begin PBXTargetDependency section */
		3EA2DABE26F2116C008EB32F /* PBXTargetDependency */ = {
			isa = PBXTargetDependency;
			target = 3EA2DAA526F21169008EB32F /* QuizApp */;
			targetProxy = 3EA2DABD26F2116C008EB32F /* PBXContainerItemProxy */;
		};
/* End PBXTargetDependency section */

/* Begin PBXVariantGroup section */
		3EA2DAB426F2116C008EB32F /* LaunchScreen.storyboard */ = {
			isa = PBXVariantGroup;
			children = (
				3EA2DAB526F2116C008EB32F /* Base */,
			);
			name = LaunchScreen.storyboard;
			sourceTree = "<group>";
		};
/* End PBXVariantGroup section */

/* Begin XCBuildConfiguration section */
		3EA2DACE26F2116C008EB32F /* Debug */ = {
			isa = XCBuildConfiguration;
			buildSettings = {
				ALWAYS_SEARCH_USER_PATHS = NO;
				CLANG_ANALYZER_NONNULL = YES;
				CLANG_ANALYZER_NUMBER_OBJECT_CONVERSION = YES_AGGRESSIVE;
				CLANG_CXX_LANGUAGE_STANDARD = "gnu++14";
				CLANG_CXX_LIBRARY = "libc++";
				CLANG_ENABLE_MODULES = YES;
				CLANG_ENABLE_OBJC_ARC = YES;
				CLANG_ENABLE_OBJC_WEAK = YES;
				CLANG_WARN_BLOCK_CAPTURE_AUTORELEASING = YES;
				CLANG_WARN_BOOL_CONVERSION = YES;
				CLANG_WARN_COMMA = YES;
				CLANG_WARN_CONSTANT_CONVERSION = YES;
				CLANG_WARN_DEPRECATED_OBJC_IMPLEMENTATIONS = YES;
				CLANG_WARN_DIRECT_OBJC_ISA_USAGE = YES_ERROR;
				CLANG_WARN_DOCUMENTATION_COMMENTS = YES;
				CLANG_WARN_EMPTY_BODY = YES;
				CLANG_WARN_ENUM_CONVERSION = YES;
				CLANG_WARN_INFINITE_RECURSION = YES;
				CLANG_WARN_INT_CONVERSION = YES;
				CLANG_WARN_NON_LITERAL_NULL_CONVERSION = YES;
				CLANG_WARN_OBJC_IMPLICIT_RETAIN_SELF = YES;
				CLANG_WARN_OBJC_LITERAL_CONVERSION = YES;
				CLANG_WARN_OBJC_ROOT_CLASS = YES_ERROR;
				CLANG_WARN_QUOTED_INCLUDE_IN_FRAMEWORK_HEADER = YES;
				CLANG_WARN_RANGE_LOOP_ANALYSIS = YES;
				CLANG_WARN_STRICT_PROTOTYPES = YES;
				CLANG_WARN_SUSPICIOUS_MOVE = YES;
				CLANG_WARN_UNGUARDED_AVAILABILITY = YES_AGGRESSIVE;
				CLANG_WARN_UNREACHABLE_CODE = YES;
				CLANG_WARN__DUPLICATE_METHOD_MATCH = YES;
				COPY_PHASE_STRIP = NO;
				DEBUG_INFORMATION_FORMAT = dwarf;
				ENABLE_STRICT_OBJC_MSGSEND = YES;
				ENABLE_TESTABILITY = YES;
				GCC_C_LANGUAGE_STANDARD = gnu11;
				GCC_DYNAMIC_NO_PIC = NO;
				GCC_NO_COMMON_BLOCKS = YES;
				GCC_OPTIMIZATION_LEVEL = 0;
				GCC_PREPROCESSOR_DEFINITIONS = (
					"DEBUG=1",
					"$(inherited)",
				);
				GCC_WARN_64_TO_32_BIT_CONVERSION = YES;
				GCC_WARN_ABOUT_RETURN_TYPE = YES_ERROR;
				GCC_WARN_UNDECLARED_SELECTOR = YES;
				GCC_WARN_UNINITIALIZED_AUTOS = YES_AGGRESSIVE;
				GCC_WARN_UNUSED_FUNCTION = YES;
				GCC_WARN_UNUSED_VARIABLE = YES;
				IPHONEOS_DEPLOYMENT_TARGET = 13.0;
				MTL_ENABLE_DEBUG_INFO = INCLUDE_SOURCE;
				MTL_FAST_MATH = YES;
				ONLY_ACTIVE_ARCH = YES;
				SDKROOT = iphoneos;
				SWIFT_ACTIVE_COMPILATION_CONDITIONS = DEBUG;
				SWIFT_OPTIMIZATION_LEVEL = "-Onone";
			};
			name = Debug;
		};
		3EA2DACF26F2116C008EB32F /* Release */ = {
			isa = XCBuildConfiguration;
			buildSettings = {
				ALWAYS_SEARCH_USER_PATHS = NO;
				CLANG_ANALYZER_NONNULL = YES;
				CLANG_ANALYZER_NUMBER_OBJECT_CONVERSION = YES_AGGRESSIVE;
				CLANG_CXX_LANGUAGE_STANDARD = "gnu++14";
				CLANG_CXX_LIBRARY = "libc++";
				CLANG_ENABLE_MODULES = YES;
				CLANG_ENABLE_OBJC_ARC = YES;
				CLANG_ENABLE_OBJC_WEAK = YES;
				CLANG_WARN_BLOCK_CAPTURE_AUTORELEASING = YES;
				CLANG_WARN_BOOL_CONVERSION = YES;
				CLANG_WARN_COMMA = YES;
				CLANG_WARN_CONSTANT_CONVERSION = YES;
				CLANG_WARN_DEPRECATED_OBJC_IMPLEMENTATIONS = YES;
				CLANG_WARN_DIRECT_OBJC_ISA_USAGE = YES_ERROR;
				CLANG_WARN_DOCUMENTATION_COMMENTS = YES;
				CLANG_WARN_EMPTY_BODY = YES;
				CLANG_WARN_ENUM_CONVERSION = YES;
				CLANG_WARN_INFINITE_RECURSION = YES;
				CLANG_WARN_INT_CONVERSION = YES;
				CLANG_WARN_NON_LITERAL_NULL_CONVERSION = YES;
				CLANG_WARN_OBJC_IMPLICIT_RETAIN_SELF = YES;
				CLANG_WARN_OBJC_LITERAL_CONVERSION = YES;
				CLANG_WARN_OBJC_ROOT_CLASS = YES_ERROR;
				CLANG_WARN_QUOTED_INCLUDE_IN_FRAMEWORK_HEADER = YES;
				CLANG_WARN_RANGE_LOOP_ANALYSIS = YES;
				CLANG_WARN_STRICT_PROTOTYPES = YES;
				CLANG_WARN_SUSPICIOUS_MOVE = YES;
				CLANG_WARN_UNGUARDED_AVAILABILITY = YES_AGGRESSIVE;
				CLANG_WARN_UNREACHABLE_CODE = YES;
				CLANG_WARN__DUPLICATE_METHOD_MATCH = YES;
				COPY_PHASE_STRIP = NO;
				DEBUG_INFORMATION_FORMAT = "dwarf-with-dsym";
				ENABLE_NS_ASSERTIONS = NO;
				ENABLE_STRICT_OBJC_MSGSEND = YES;
				GCC_C_LANGUAGE_STANDARD = gnu11;
				GCC_NO_COMMON_BLOCKS = YES;
				GCC_WARN_64_TO_32_BIT_CONVERSION = YES;
				GCC_WARN_ABOUT_RETURN_TYPE = YES_ERROR;
				GCC_WARN_UNDECLARED_SELECTOR = YES;
				GCC_WARN_UNINITIALIZED_AUTOS = YES_AGGRESSIVE;
				GCC_WARN_UNUSED_FUNCTION = YES;
				GCC_WARN_UNUSED_VARIABLE = YES;
				IPHONEOS_DEPLOYMENT_TARGET = 13.0;
				MTL_ENABLE_DEBUG_INFO = NO;
				MTL_FAST_MATH = YES;
				SDKROOT = iphoneos;
				SWIFT_COMPILATION_MODE = wholemodule;
				SWIFT_OPTIMIZATION_LEVEL = "-O";
				VALIDATE_PRODUCT = YES;
			};
			name = Release;
		};
		3EA2DAD126F2116C008EB32F /* Debug */ = {
			isa = XCBuildConfiguration;
			buildSettings = {
				ASSETCATALOG_COMPILER_APPICON_NAME = AppIcon;
				ASSETCATALOG_COMPILER_GLOBAL_ACCENT_COLOR_NAME = AccentColor;
				CODE_SIGN_STYLE = Automatic;
				DEVELOPMENT_TEAM = 2GY7TL5G8Y;
				INFOPLIST_FILE = QuizApp/Main/Info.plist;
				LD_RUNPATH_SEARCH_PATHS = (
					"$(inherited)",
					"@executable_path/Frameworks",
				);
				PRODUCT_BUNDLE_IDENTIFIER = ge.sabius.QuizApp;
				PRODUCT_NAME = "$(TARGET_NAME)";
				SWIFT_VERSION = 5.0;
				TARGETED_DEVICE_FAMILY = "1,2";
			};
			name = Debug;
		};
		3EA2DAD226F2116C008EB32F /* Release */ = {
			isa = XCBuildConfiguration;
			buildSettings = {
				ASSETCATALOG_COMPILER_APPICON_NAME = AppIcon;
				ASSETCATALOG_COMPILER_GLOBAL_ACCENT_COLOR_NAME = AccentColor;
				CODE_SIGN_STYLE = Automatic;
				DEVELOPMENT_TEAM = 2GY7TL5G8Y;
				INFOPLIST_FILE = QuizApp/Main/Info.plist;
				LD_RUNPATH_SEARCH_PATHS = (
					"$(inherited)",
					"@executable_path/Frameworks",
				);
				PRODUCT_BUNDLE_IDENTIFIER = ge.sabius.QuizApp;
				PRODUCT_NAME = "$(TARGET_NAME)";
				SWIFT_VERSION = 5.0;
				TARGETED_DEVICE_FAMILY = "1,2";
			};
			name = Release;
		};
		3EA2DAD426F2116C008EB32F /* Debug */ = {
			isa = XCBuildConfiguration;
			buildSettings = {
				ALWAYS_EMBED_SWIFT_STANDARD_LIBRARIES = YES;
				BUNDLE_LOADER = "$(TEST_HOST)";
				CLANG_ENABLE_MODULES = YES;
				CODE_SIGN_STYLE = Automatic;
				DEVELOPMENT_TEAM = 2GY7TL5G8Y;
				INFOPLIST_FILE = QuizAppTests/Main/Info.plist;
				IPHONEOS_DEPLOYMENT_TARGET = 14.5;
				LD_RUNPATH_SEARCH_PATHS = (
					"$(inherited)",
					"@executable_path/Frameworks",
					"@loader_path/Frameworks",
				);
				PRODUCT_BUNDLE_IDENTIFIER = ge.sabius.QuizAppTests;
				PRODUCT_NAME = "$(TARGET_NAME)";
				SWIFT_OPTIMIZATION_LEVEL = "-Onone";
				SWIFT_VERSION = 5.0;
				TARGETED_DEVICE_FAMILY = "1,2";
				TEST_HOST = "$(BUILT_PRODUCTS_DIR)/QuizApp.app/QuizApp";
			};
			name = Debug;
		};
		3EA2DAD526F2116C008EB32F /* Release */ = {
			isa = XCBuildConfiguration;
			buildSettings = {
				ALWAYS_EMBED_SWIFT_STANDARD_LIBRARIES = YES;
				BUNDLE_LOADER = "$(TEST_HOST)";
				CLANG_ENABLE_MODULES = YES;
				CODE_SIGN_STYLE = Automatic;
				DEVELOPMENT_TEAM = 2GY7TL5G8Y;
				INFOPLIST_FILE = QuizAppTests/Main/Info.plist;
				IPHONEOS_DEPLOYMENT_TARGET = 14.5;
				LD_RUNPATH_SEARCH_PATHS = (
					"$(inherited)",
					"@executable_path/Frameworks",
					"@loader_path/Frameworks",
				);
				PRODUCT_BUNDLE_IDENTIFIER = ge.sabius.QuizAppTests;
				PRODUCT_NAME = "$(TARGET_NAME)";
				SWIFT_VERSION = 5.0;
				TARGETED_DEVICE_FAMILY = "1,2";
				TEST_HOST = "$(BUILT_PRODUCTS_DIR)/QuizApp.app/QuizApp";
			};
			name = Release;
		};
/* End XCBuildConfiguration section */

/* Begin XCConfigurationList section */
		3EA2DAA126F21169008EB32F /* Build configuration list for PBXProject "QuizApp" */ = {
			isa = XCConfigurationList;
			buildConfigurations = (
				3EA2DACE26F2116C008EB32F /* Debug */,
				3EA2DACF26F2116C008EB32F /* Release */,
			);
			defaultConfigurationIsVisible = 0;
			defaultConfigurationName = Release;
		};
		3EA2DAD026F2116C008EB32F /* Build configuration list for PBXNativeTarget "QuizApp" */ = {
			isa = XCConfigurationList;
			buildConfigurations = (
				3EA2DAD126F2116C008EB32F /* Debug */,
				3EA2DAD226F2116C008EB32F /* Release */,
			);
			defaultConfigurationIsVisible = 0;
			defaultConfigurationName = Release;
		};
		3EA2DAD326F2116C008EB32F /* Build configuration list for PBXNativeTarget "QuizAppTests" */ = {
			isa = XCConfigurationList;
			buildConfigurations = (
				3EA2DAD426F2116C008EB32F /* Debug */,
				3EA2DAD526F2116C008EB32F /* Release */,
			);
			defaultConfigurationIsVisible = 0;
			defaultConfigurationName = Release;
		};
/* End XCConfigurationList section */
	};
	rootObject = 3EA2DA9E26F21169008EB32F /* Project object */;
}
